// !$*UTF8*$!
{
	archiveVersion = 1;
	classes = {
	};
	objectVersion = 56;
	objects = {

/* Begin PBXBuildFile section */
		50B861C42BAD38B500CE00D9 /* HomeView.swift in Sources */ = {isa = PBXBuildFile; fileRef = 50B861C32BAD38B500CE00D9 /* HomeView.swift */; };
		50B861C62BAD393800CE00D9 /* LoginVM.swift in Sources */ = {isa = PBXBuildFile; fileRef = 50B861C52BAD393800CE00D9 /* LoginVM.swift */; };
		50B861CA2BAD3B3B00CE00D9 /* LoginView.swift in Sources */ = {isa = PBXBuildFile; fileRef = 50B861C92BAD3B3B00CE00D9 /* LoginView.swift */; };
		50DE99042BAF6353006A091D /* EmailTextField.swift in Sources */ = {isa = PBXBuildFile; fileRef = 50DE99032BAF6353006A091D /* EmailTextField.swift */; };
		50DE99062BAF6380006A091D /* KeyboardView.swift in Sources */ = {isa = PBXBuildFile; fileRef = 50DE99052BAF6380006A091D /* KeyboardView.swift */; };
		50DE99082BAF654D006A091D /* PasswordField.swift in Sources */ = {isa = PBXBuildFile; fileRef = 50DE99072BAF654D006A091D /* PasswordField.swift */; };
		50DE990A2BAF675D006A091D /* LoginTitleView.swift in Sources */ = {isa = PBXBuildFile; fileRef = 50DE99092BAF675D006A091D /* LoginTitleView.swift */; };
		50DE990C2BAF67AD006A091D /* LoginButton.swift in Sources */ = {isa = PBXBuildFile; fileRef = 50DE990B2BAF67AD006A091D /* LoginButton.swift */; };
		50DE990E2BAF6F72006A091D /* LoginFields.swift in Sources */ = {isa = PBXBuildFile; fileRef = 50DE990D2BAF6F72006A091D /* LoginFields.swift */; };
		50DE99102BAF7111006A091D /* SignUpFields.swift in Sources */ = {isa = PBXBuildFile; fileRef = 50DE990F2BAF7111006A091D /* SignUpFields.swift */; };
		50DE99122BAF7338006A091D /* TogglePromptView.swift in Sources */ = {isa = PBXBuildFile; fileRef = 50DE99112BAF7338006A091D /* TogglePromptView.swift */; };
		50DE99142BAF7BA4006A091D /* GoogleService-Info.plist in Resources */ = {isa = PBXBuildFile; fileRef = 50DE99132BAF7BA4006A091D /* GoogleService-Info.plist */; };
		50DE99172BAF7D19006A091D /* FirebaseAnalytics in Frameworks */ = {isa = PBXBuildFile; productRef = 50DE99162BAF7D19006A091D /* FirebaseAnalytics */; };
		50DE99192BAF7D19006A091D /* FirebaseAuth in Frameworks */ = {isa = PBXBuildFile; productRef = 50DE99182BAF7D19006A091D /* FirebaseAuth */; };
		50DE991B2BAF7D19006A091D /* FirebaseFirestore in Frameworks */ = {isa = PBXBuildFile; productRef = 50DE991A2BAF7D19006A091D /* FirebaseFirestore */; };
		50DE991D2BAF8A5F006A091D /* AuthManager.swift in Sources */ = {isa = PBXBuildFile; fileRef = 50DE991C2BAF8A5F006A091D /* AuthManager.swift */; };
		50DE99202BAF9ED5006A091D /* ItemsManager.swift in Sources */ = {isa = PBXBuildFile; fileRef = 50DE991F2BAF9ED5006A091D /* ItemsManager.swift */; };
		50DE99222BB10E98006A091D /* NewItemVM.swift in Sources */ = {isa = PBXBuildFile; fileRef = 50DE99212BB10E98006A091D /* NewItemVM.swift */; };
		50DE99242BB1123A006A091D /* Errors.swift in Sources */ = {isa = PBXBuildFile; fileRef = 50DE99232BB1123A006A091D /* Errors.swift */; };
		50EA6D532BAC9D4A00BFD5CF /* PleaseDoApp.swift in Sources */ = {isa = PBXBuildFile; fileRef = 50EA6D522BAC9D4A00BFD5CF /* PleaseDoApp.swift */; };
		50EA6D552BAC9D4A00BFD5CF /* ContentView.swift in Sources */ = {isa = PBXBuildFile; fileRef = 50EA6D542BAC9D4A00BFD5CF /* ContentView.swift */; };
		50EA6D572BAC9D4C00BFD5CF /* Assets.xcassets in Resources */ = {isa = PBXBuildFile; fileRef = 50EA6D562BAC9D4C00BFD5CF /* Assets.xcassets */; };
		50EA6D5A2BAC9D4C00BFD5CF /* Preview Assets.xcassets in Resources */ = {isa = PBXBuildFile; fileRef = 50EA6D592BAC9D4C00BFD5CF /* Preview Assets.xcassets */; };
		50EA6D642BAC9D4D00BFD5CF /* PleaseDoTests.swift in Sources */ = {isa = PBXBuildFile; fileRef = 50EA6D632BAC9D4D00BFD5CF /* PleaseDoTests.swift */; };
		50EA6D6E2BAC9D4D00BFD5CF /* PleaseDoUITests.swift in Sources */ = {isa = PBXBuildFile; fileRef = 50EA6D6D2BAC9D4D00BFD5CF /* PleaseDoUITests.swift */; };
		50EA6D702BAC9D4D00BFD5CF /* PleaseDoUITestsLaunchTests.swift in Sources */ = {isa = PBXBuildFile; fileRef = 50EA6D6F2BAC9D4D00BFD5CF /* PleaseDoUITestsLaunchTests.swift */; };
		50EA6D812BAC9E4A00BFD5CF /* ListView.swift in Sources */ = {isa = PBXBuildFile; fileRef = 50EA6D802BAC9E4A00BFD5CF /* ListView.swift */; };
		50EA6D832BACA16300BFD5CF /* Extensions.swift in Sources */ = {isa = PBXBuildFile; fileRef = 50EA6D822BACA16300BFD5CF /* Extensions.swift */; };
		50EA6D852BACA6EC00BFD5CF /* Item.swift in Sources */ = {isa = PBXBuildFile; fileRef = 50EA6D842BACA6EC00BFD5CF /* Item.swift */; };
		50EA6D872BACA9B100BFD5CF /* ListItemView.swift in Sources */ = {isa = PBXBuildFile; fileRef = 50EA6D862BACA9B100BFD5CF /* ListItemView.swift */; };
		50EA6D892BACAD2C00BFD5CF /* ListVM.swift in Sources */ = {isa = PBXBuildFile; fileRef = 50EA6D882BACAD2C00BFD5CF /* ListVM.swift */; };
		50EA6D8B2BACBDAD00BFD5CF /* ItemDetailsView.swift in Sources */ = {isa = PBXBuildFile; fileRef = 50EA6D8A2BACBDAD00BFD5CF /* ItemDetailsView.swift */; };
		50EA6D8D2BACBDDC00BFD5CF /* NewItemView.swift in Sources */ = {isa = PBXBuildFile; fileRef = 50EA6D8C2BACBDDC00BFD5CF /* NewItemView.swift */; };
		50EA6D8F2BAD089600BFD5CF /* NavigationManager.swift in Sources */ = {isa = PBXBuildFile; fileRef = 50EA6D8E2BAD089600BFD5CF /* NavigationManager.swift */; };
		50EA6D912BAD143E00BFD5CF /* NavItem.swift in Sources */ = {isa = PBXBuildFile; fileRef = 50EA6D902BAD143E00BFD5CF /* NavItem.swift */; };
/* End PBXBuildFile section */

/* Begin PBXContainerItemProxy section */
		50EA6D602BAC9D4D00BFD5CF /* PBXContainerItemProxy */ = {
			isa = PBXContainerItemProxy;
			containerPortal = 50EA6D472BAC9D4A00BFD5CF /* Project object */;
			proxyType = 1;
			remoteGlobalIDString = 50EA6D4E2BAC9D4A00BFD5CF;
			remoteInfo = PleaseDo;
		};
		50EA6D6A2BAC9D4D00BFD5CF /* PBXContainerItemProxy */ = {
			isa = PBXContainerItemProxy;
			containerPortal = 50EA6D472BAC9D4A00BFD5CF /* Project object */;
			proxyType = 1;
			remoteGlobalIDString = 50EA6D4E2BAC9D4A00BFD5CF;
			remoteInfo = PleaseDo;
		};
/* End PBXContainerItemProxy section */

/* Begin PBXFileReference section */
		50B861C32BAD38B500CE00D9 /* HomeView.swift */ = {isa = PBXFileReference; lastKnownFileType = sourcecode.swift; path = HomeView.swift; sourceTree = "<group>"; };
		50B861C52BAD393800CE00D9 /* LoginVM.swift */ = {isa = PBXFileReference; lastKnownFileType = sourcecode.swift; path = LoginVM.swift; sourceTree = "<group>"; };
		50B861C92BAD3B3B00CE00D9 /* LoginView.swift */ = {isa = PBXFileReference; lastKnownFileType = sourcecode.swift; path = LoginView.swift; sourceTree = "<group>"; };
		50DE99032BAF6353006A091D /* EmailTextField.swift */ = {isa = PBXFileReference; lastKnownFileType = sourcecode.swift; path = EmailTextField.swift; sourceTree = "<group>"; };
		50DE99052BAF6380006A091D /* KeyboardView.swift */ = {isa = PBXFileReference; lastKnownFileType = sourcecode.swift; path = KeyboardView.swift; sourceTree = "<group>"; };
		50DE99072BAF654D006A091D /* PasswordField.swift */ = {isa = PBXFileReference; lastKnownFileType = sourcecode.swift; path = PasswordField.swift; sourceTree = "<group>"; };
		50DE99092BAF675D006A091D /* LoginTitleView.swift */ = {isa = PBXFileReference; lastKnownFileType = sourcecode.swift; path = LoginTitleView.swift; sourceTree = "<group>"; };
		50DE990B2BAF67AD006A091D /* LoginButton.swift */ = {isa = PBXFileReference; lastKnownFileType = sourcecode.swift; path = LoginButton.swift; sourceTree = "<group>"; };
		50DE990D2BAF6F72006A091D /* LoginFields.swift */ = {isa = PBXFileReference; lastKnownFileType = sourcecode.swift; path = LoginFields.swift; sourceTree = "<group>"; };
		50DE990F2BAF7111006A091D /* SignUpFields.swift */ = {isa = PBXFileReference; lastKnownFileType = sourcecode.swift; path = SignUpFields.swift; sourceTree = "<group>"; };
		50DE99112BAF7338006A091D /* TogglePromptView.swift */ = {isa = PBXFileReference; lastKnownFileType = sourcecode.swift; path = TogglePromptView.swift; sourceTree = "<group>"; };
		50DE99132BAF7BA4006A091D /* GoogleService-Info.plist */ = {isa = PBXFileReference; fileEncoding = 4; lastKnownFileType = text.plist.xml; path = "GoogleService-Info.plist"; sourceTree = "<group>"; };
		50DE991C2BAF8A5F006A091D /* AuthManager.swift */ = {isa = PBXFileReference; lastKnownFileType = sourcecode.swift; path = AuthManager.swift; sourceTree = "<group>"; };
		50DE991F2BAF9ED5006A091D /* ItemsManager.swift */ = {isa = PBXFileReference; lastKnownFileType = sourcecode.swift; path = ItemsManager.swift; sourceTree = "<group>"; };
		50DE99212BB10E98006A091D /* NewItemVM.swift */ = {isa = PBXFileReference; lastKnownFileType = sourcecode.swift; path = NewItemVM.swift; sourceTree = "<group>"; };
		50DE99232BB1123A006A091D /* Errors.swift */ = {isa = PBXFileReference; lastKnownFileType = sourcecode.swift; path = Errors.swift; sourceTree = "<group>"; };
		50EA6D4F2BAC9D4A00BFD5CF /* PleaseDo.app */ = {isa = PBXFileReference; explicitFileType = wrapper.application; includeInIndex = 0; path = PleaseDo.app; sourceTree = BUILT_PRODUCTS_DIR; };
		50EA6D522BAC9D4A00BFD5CF /* PleaseDoApp.swift */ = {isa = PBXFileReference; lastKnownFileType = sourcecode.swift; path = PleaseDoApp.swift; sourceTree = "<group>"; };
		50EA6D542BAC9D4A00BFD5CF /* ContentView.swift */ = {isa = PBXFileReference; lastKnownFileType = sourcecode.swift; path = ContentView.swift; sourceTree = "<group>"; };
		50EA6D562BAC9D4C00BFD5CF /* Assets.xcassets */ = {isa = PBXFileReference; lastKnownFileType = folder.assetcatalog; path = Assets.xcassets; sourceTree = "<group>"; };
		50EA6D592BAC9D4C00BFD5CF /* Preview Assets.xcassets */ = {isa = PBXFileReference; lastKnownFileType = folder.assetcatalog; path = "Preview Assets.xcassets"; sourceTree = "<group>"; };
		50EA6D5F2BAC9D4D00BFD5CF /* PleaseDoTests.xctest */ = {isa = PBXFileReference; explicitFileType = wrapper.cfbundle; includeInIndex = 0; path = PleaseDoTests.xctest; sourceTree = BUILT_PRODUCTS_DIR; };
		50EA6D632BAC9D4D00BFD5CF /* PleaseDoTests.swift */ = {isa = PBXFileReference; lastKnownFileType = sourcecode.swift; path = PleaseDoTests.swift; sourceTree = "<group>"; };
		50EA6D692BAC9D4D00BFD5CF /* PleaseDoUITests.xctest */ = {isa = PBXFileReference; explicitFileType = wrapper.cfbundle; includeInIndex = 0; path = PleaseDoUITests.xctest; sourceTree = BUILT_PRODUCTS_DIR; };
		50EA6D6D2BAC9D4D00BFD5CF /* PleaseDoUITests.swift */ = {isa = PBXFileReference; lastKnownFileType = sourcecode.swift; path = PleaseDoUITests.swift; sourceTree = "<group>"; };
		50EA6D6F2BAC9D4D00BFD5CF /* PleaseDoUITestsLaunchTests.swift */ = {isa = PBXFileReference; lastKnownFileType = sourcecode.swift; path = PleaseDoUITestsLaunchTests.swift; sourceTree = "<group>"; };
		50EA6D802BAC9E4A00BFD5CF /* ListView.swift */ = {isa = PBXFileReference; lastKnownFileType = sourcecode.swift; path = ListView.swift; sourceTree = "<group>"; };
		50EA6D822BACA16300BFD5CF /* Extensions.swift */ = {isa = PBXFileReference; lastKnownFileType = sourcecode.swift; path = Extensions.swift; sourceTree = "<group>"; };
		50EA6D842BACA6EC00BFD5CF /* Item.swift */ = {isa = PBXFileReference; lastKnownFileType = sourcecode.swift; path = Item.swift; sourceTree = "<group>"; };
		50EA6D862BACA9B100BFD5CF /* ListItemView.swift */ = {isa = PBXFileReference; lastKnownFileType = sourcecode.swift; path = ListItemView.swift; sourceTree = "<group>"; };
		50EA6D882BACAD2C00BFD5CF /* ListVM.swift */ = {isa = PBXFileReference; lastKnownFileType = sourcecode.swift; path = ListVM.swift; sourceTree = "<group>"; };
		50EA6D8A2BACBDAD00BFD5CF /* ItemDetailsView.swift */ = {isa = PBXFileReference; lastKnownFileType = sourcecode.swift; path = ItemDetailsView.swift; sourceTree = "<group>"; };
		50EA6D8C2BACBDDC00BFD5CF /* NewItemView.swift */ = {isa = PBXFileReference; lastKnownFileType = sourcecode.swift; path = NewItemView.swift; sourceTree = "<group>"; };
		50EA6D8E2BAD089600BFD5CF /* NavigationManager.swift */ = {isa = PBXFileReference; lastKnownFileType = sourcecode.swift; path = NavigationManager.swift; sourceTree = "<group>"; };
		50EA6D902BAD143E00BFD5CF /* NavItem.swift */ = {isa = PBXFileReference; lastKnownFileType = sourcecode.swift; path = NavItem.swift; sourceTree = "<group>"; };
/* End PBXFileReference section */

/* Begin PBXFrameworksBuildPhase section */
		50EA6D4C2BAC9D4A00BFD5CF /* Frameworks */ = {
			isa = PBXFrameworksBuildPhase;
			buildActionMask = 2147483647;
			files = (
				50DE99172BAF7D19006A091D /* FirebaseAnalytics in Frameworks */,
				50DE99192BAF7D19006A091D /* FirebaseAuth in Frameworks */,
				50DE991B2BAF7D19006A091D /* FirebaseFirestore in Frameworks */,
			);
			runOnlyForDeploymentPostprocessing = 0;
		};
		50EA6D5C2BAC9D4D00BFD5CF /* Frameworks */ = {
			isa = PBXFrameworksBuildPhase;
			buildActionMask = 2147483647;
			files = (
			);
			runOnlyForDeploymentPostprocessing = 0;
		};
		50EA6D662BAC9D4D00BFD5CF /* Frameworks */ = {
			isa = PBXFrameworksBuildPhase;
			buildActionMask = 2147483647;
			files = (
			);
			runOnlyForDeploymentPostprocessing = 0;
		};
/* End PBXFrameworksBuildPhase section */

/* Begin PBXGroup section */
		50B861CB2BAD3B4700CE00D9 /* Login */ = {
			isa = PBXGroup;
			children = (
				50B861C92BAD3B3B00CE00D9 /* LoginView.swift */,
				50DE990D2BAF6F72006A091D /* LoginFields.swift */,
				50DE990F2BAF7111006A091D /* SignUpFields.swift */,
				50DE99092BAF675D006A091D /* LoginTitleView.swift */,
				50DE99052BAF6380006A091D /* KeyboardView.swift */,
				50DE99032BAF6353006A091D /* EmailTextField.swift */,
				50DE99072BAF654D006A091D /* PasswordField.swift */,
				50DE990B2BAF67AD006A091D /* LoginButton.swift */,
				50DE99112BAF7338006A091D /* TogglePromptView.swift */,
			);
			path = Login;
			sourceTree = "<group>";
		};
		50B861CC2BAD3BEB00CE00D9 /* Todo */ = {
			isa = PBXGroup;
			children = (
				50B861C32BAD38B500CE00D9 /* HomeView.swift */,
				50EA6D802BAC9E4A00BFD5CF /* ListView.swift */,
				50EA6D862BACA9B100BFD5CF /* ListItemView.swift */,
				50EA6D8A2BACBDAD00BFD5CF /* ItemDetailsView.swift */,
				50EA6D8C2BACBDDC00BFD5CF /* NewItemView.swift */,
			);
			path = Todo;
			sourceTree = "<group>";
		};
		50DE991E2BAF9E78006A091D /* API */ = {
			isa = PBXGroup;
			children = (
				50DE991C2BAF8A5F006A091D /* AuthManager.swift */,
				50DE991F2BAF9ED5006A091D /* ItemsManager.swift */,
			);
			path = API;
			sourceTree = "<group>";
		};
		50EA6D462BAC9D4A00BFD5CF = {
			isa = PBXGroup;
			children = (
				50EA6D512BAC9D4A00BFD5CF /* PleaseDo */,
				50EA6D622BAC9D4D00BFD5CF /* PleaseDoTests */,
				50EA6D6C2BAC9D4D00BFD5CF /* PleaseDoUITests */,
				50EA6D502BAC9D4A00BFD5CF /* Products */,
			);
			sourceTree = "<group>";
		};
		50EA6D502BAC9D4A00BFD5CF /* Products */ = {
			isa = PBXGroup;
			children = (
				50EA6D4F2BAC9D4A00BFD5CF /* PleaseDo.app */,
				50EA6D5F2BAC9D4D00BFD5CF /* PleaseDoTests.xctest */,
				50EA6D692BAC9D4D00BFD5CF /* PleaseDoUITests.xctest */,
			);
			name = Products;
			sourceTree = "<group>";
		};
		50EA6D512BAC9D4A00BFD5CF /* PleaseDo */ = {
			isa = PBXGroup;
			children = (
				50DE99132BAF7BA4006A091D /* GoogleService-Info.plist */,
				50EA6D562BAC9D4C00BFD5CF /* Assets.xcassets */,
				50EA6D582BAC9D4C00BFD5CF /* PreviewContent */,
			);
			path = PleaseDo;
			sourceTree = "<group>";
		};
		50EA6D582BAC9D4C00BFD5CF /* PreviewContent */ = {
			isa = PBXGroup;
			children = (
				50EA6D592BAC9D4C00BFD5CF /* Preview Assets.xcassets */,
				50EA6D7F2BAC9E2500BFD5CF /* App */,
				50DE991E2BAF9E78006A091D /* API */,
				50EA6D7E2BAC9E2000BFD5CF /* Models */,
				50EA6D7D2BAC9E1A00BFD5CF /* Views */,
				50EA6D7C2BAC9D9800BFD5CF /* ViewModels */,
			);
			path = PreviewContent;
			sourceTree = "<group>";
		};
		50EA6D622BAC9D4D00BFD5CF /* PleaseDoTests */ = {
			isa = PBXGroup;
			children = (
				50EA6D632BAC9D4D00BFD5CF /* PleaseDoTests.swift */,
			);
			path = PleaseDoTests;
			sourceTree = "<group>";
		};
		50EA6D6C2BAC9D4D00BFD5CF /* PleaseDoUITests */ = {
			isa = PBXGroup;
			children = (
				50EA6D6D2BAC9D4D00BFD5CF /* PleaseDoUITests.swift */,
				50EA6D6F2BAC9D4D00BFD5CF /* PleaseDoUITestsLaunchTests.swift */,
			);
			path = PleaseDoUITests;
			sourceTree = "<group>";
		};
		50EA6D7C2BAC9D9800BFD5CF /* ViewModels */ = {
			isa = PBXGroup;
			children = (
				50B861C52BAD393800CE00D9 /* LoginVM.swift */,
				50EA6D882BACAD2C00BFD5CF /* ListVM.swift */,
				50DE99212BB10E98006A091D /* NewItemVM.swift */,
				50EA6D8E2BAD089600BFD5CF /* NavigationManager.swift */,
			);
			path = ViewModels;
			sourceTree = "<group>";
		};
		50EA6D7D2BAC9E1A00BFD5CF /* Views */ = {
			isa = PBXGroup;
			children = (
				50B861CB2BAD3B4700CE00D9 /* Login */,
				50B861CC2BAD3BEB00CE00D9 /* Todo */,
			);
			path = Views;
			sourceTree = "<group>";
		};
		50EA6D7E2BAC9E2000BFD5CF /* Models */ = {
			isa = PBXGroup;
			children = (
				50EA6D842BACA6EC00BFD5CF /* Item.swift */,
				50EA6D902BAD143E00BFD5CF /* NavItem.swift */,
			);
			path = Models;
			sourceTree = "<group>";
		};
		50EA6D7F2BAC9E2500BFD5CF /* App */ = {
			isa = PBXGroup;
			children = (
				50EA6D522BAC9D4A00BFD5CF /* PleaseDoApp.swift */,
				50EA6D542BAC9D4A00BFD5CF /* ContentView.swift */,
				50EA6D822BACA16300BFD5CF /* Extensions.swift */,
				50DE99232BB1123A006A091D /* Errors.swift */,
			);
			path = App;
			sourceTree = "<group>";
		};
/* End PBXGroup section */

/* Begin PBXNativeTarget section */
		50EA6D4E2BAC9D4A00BFD5CF /* PleaseDo */ = {
			isa = PBXNativeTarget;
			buildConfigurationList = 50EA6D732BAC9D4D00BFD5CF /* Build configuration list for PBXNativeTarget "PleaseDo" */;
			buildPhases = (
				50EA6D4B2BAC9D4A00BFD5CF /* Sources */,
				50EA6D4C2BAC9D4A00BFD5CF /* Frameworks */,
				50EA6D4D2BAC9D4A00BFD5CF /* Resources */,
			);
			buildRules = (
			);
			dependencies = (
			);
			name = PleaseDo;
			packageProductDependencies = (
				50DE99162BAF7D19006A091D /* FirebaseAnalytics */,
				50DE99182BAF7D19006A091D /* FirebaseAuth */,
				50DE991A2BAF7D19006A091D /* FirebaseFirestore */,
			);
			productName = PleaseDo;
			productReference = 50EA6D4F2BAC9D4A00BFD5CF /* PleaseDo.app */;
			productType = "com.apple.product-type.application";
		};
		50EA6D5E2BAC9D4D00BFD5CF /* PleaseDoTests */ = {
			isa = PBXNativeTarget;
			buildConfigurationList = 50EA6D762BAC9D4D00BFD5CF /* Build configuration list for PBXNativeTarget "PleaseDoTests" */;
			buildPhases = (
				50EA6D5B2BAC9D4D00BFD5CF /* Sources */,
				50EA6D5C2BAC9D4D00BFD5CF /* Frameworks */,
				50EA6D5D2BAC9D4D00BFD5CF /* Resources */,
			);
			buildRules = (
			);
			dependencies = (
				50EA6D612BAC9D4D00BFD5CF /* PBXTargetDependency */,
			);
			name = PleaseDoTests;
			productName = PleaseDoTests;
			productReference = 50EA6D5F2BAC9D4D00BFD5CF /* PleaseDoTests.xctest */;
			productType = "com.apple.product-type.bundle.unit-test";
		};
		50EA6D682BAC9D4D00BFD5CF /* PleaseDoUITests */ = {
			isa = PBXNativeTarget;
			buildConfigurationList = 50EA6D792BAC9D4D00BFD5CF /* Build configuration list for PBXNativeTarget "PleaseDoUITests" */;
			buildPhases = (
				50EA6D652BAC9D4D00BFD5CF /* Sources */,
				50EA6D662BAC9D4D00BFD5CF /* Frameworks */,
				50EA6D672BAC9D4D00BFD5CF /* Resources */,
			);
			buildRules = (
			);
			dependencies = (
				50EA6D6B2BAC9D4D00BFD5CF /* PBXTargetDependency */,
			);
			name = PleaseDoUITests;
			productName = PleaseDoUITests;
			productReference = 50EA6D692BAC9D4D00BFD5CF /* PleaseDoUITests.xctest */;
			productType = "com.apple.product-type.bundle.ui-testing";
		};
/* End PBXNativeTarget section */

/* Begin PBXProject section */
		50EA6D472BAC9D4A00BFD5CF /* Project object */ = {
			isa = PBXProject;
			attributes = {
				BuildIndependentTargetsInParallel = 1;
				LastSwiftUpdateCheck = 1530;
				LastUpgradeCheck = 1530;
				TargetAttributes = {
					50EA6D4E2BAC9D4A00BFD5CF = {
						CreatedOnToolsVersion = 15.3;
					};
					50EA6D5E2BAC9D4D00BFD5CF = {
						CreatedOnToolsVersion = 15.3;
						TestTargetID = 50EA6D4E2BAC9D4A00BFD5CF;
					};
					50EA6D682BAC9D4D00BFD5CF = {
						CreatedOnToolsVersion = 15.3;
						TestTargetID = 50EA6D4E2BAC9D4A00BFD5CF;
					};
				};
			};
			buildConfigurationList = 50EA6D4A2BAC9D4A00BFD5CF /* Build configuration list for PBXProject "PleaseDo" */;
			compatibilityVersion = "Xcode 14.0";
			developmentRegion = en;
			hasScannedForEncodings = 0;
			knownRegions = (
				en,
				Base,
			);
			mainGroup = 50EA6D462BAC9D4A00BFD5CF;
			packageReferences = (
				50DE99152BAF7D19006A091D /* XCRemoteSwiftPackageReference "firebase-ios-sdk" */,
			);
			productRefGroup = 50EA6D502BAC9D4A00BFD5CF /* Products */;
			projectDirPath = "";
			projectRoot = "";
			targets = (
				50EA6D4E2BAC9D4A00BFD5CF /* PleaseDo */,
				50EA6D5E2BAC9D4D00BFD5CF /* PleaseDoTests */,
				50EA6D682BAC9D4D00BFD5CF /* PleaseDoUITests */,
			);
		};
/* End PBXProject section */

/* Begin PBXResourcesBuildPhase section */
		50EA6D4D2BAC9D4A00BFD5CF /* Resources */ = {
			isa = PBXResourcesBuildPhase;
			buildActionMask = 2147483647;
			files = (
				50EA6D5A2BAC9D4C00BFD5CF /* Preview Assets.xcassets in Resources */,
				50EA6D572BAC9D4C00BFD5CF /* Assets.xcassets in Resources */,
				50DE99142BAF7BA4006A091D /* GoogleService-Info.plist in Resources */,
			);
			runOnlyForDeploymentPostprocessing = 0;
		};
		50EA6D5D2BAC9D4D00BFD5CF /* Resources */ = {
			isa = PBXResourcesBuildPhase;
			buildActionMask = 2147483647;
			files = (
			);
			runOnlyForDeploymentPostprocessing = 0;
		};
		50EA6D672BAC9D4D00BFD5CF /* Resources */ = {
			isa = PBXResourcesBuildPhase;
			buildActionMask = 2147483647;
			files = (
			);
			runOnlyForDeploymentPostprocessing = 0;
		};
/* End PBXResourcesBuildPhase section */

/* Begin PBXSourcesBuildPhase section */
		50EA6D4B2BAC9D4A00BFD5CF /* Sources */ = {
			isa = PBXSourcesBuildPhase;
			buildActionMask = 2147483647;
			files = (
				50DE99222BB10E98006A091D /* NewItemVM.swift in Sources */,
				50EA6D8D2BACBDDC00BFD5CF /* NewItemView.swift in Sources */,
				50DE991D2BAF8A5F006A091D /* AuthManager.swift in Sources */,
				50B861C62BAD393800CE00D9 /* LoginVM.swift in Sources */,
				50DE99042BAF6353006A091D /* EmailTextField.swift in Sources */,
				50DE990A2BAF675D006A091D /* LoginTitleView.swift in Sources */,
				50DE990E2BAF6F72006A091D /* LoginFields.swift in Sources */,
				50EA6D8B2BACBDAD00BFD5CF /* ItemDetailsView.swift in Sources */,
				50DE99122BAF7338006A091D /* TogglePromptView.swift in Sources */,
				50DE99102BAF7111006A091D /* SignUpFields.swift in Sources */,
				50EA6D852BACA6EC00BFD5CF /* Item.swift in Sources */,
				50EA6D892BACAD2C00BFD5CF /* ListVM.swift in Sources */,
				50EA6D552BAC9D4A00BFD5CF /* ContentView.swift in Sources */,
				50EA6D912BAD143E00BFD5CF /* NavItem.swift in Sources */,
				50EA6D532BAC9D4A00BFD5CF /* PleaseDoApp.swift in Sources */,
				50DE990C2BAF67AD006A091D /* LoginButton.swift in Sources */,
				50DE99082BAF654D006A091D /* PasswordField.swift in Sources */,
				50DE99062BAF6380006A091D /* KeyboardView.swift in Sources */,
				50B861CA2BAD3B3B00CE00D9 /* LoginView.swift in Sources */,
				50DE99202BAF9ED5006A091D /* ItemsManager.swift in Sources */,
				50DE99242BB1123A006A091D /* Errors.swift in Sources */,
				50EA6D872BACA9B100BFD5CF /* ListItemView.swift in Sources */,
				50EA6D812BAC9E4A00BFD5CF /* ListView.swift in Sources */,
				50B861C42BAD38B500CE00D9 /* HomeView.swift in Sources */,
				50EA6D832BACA16300BFD5CF /* Extensions.swift in Sources */,
				50EA6D8F2BAD089600BFD5CF /* NavigationManager.swift in Sources */,
			);
			runOnlyForDeploymentPostprocessing = 0;
		};
		50EA6D5B2BAC9D4D00BFD5CF /* Sources */ = {
			isa = PBXSourcesBuildPhase;
			buildActionMask = 2147483647;
			files = (
				50EA6D642BAC9D4D00BFD5CF /* PleaseDoTests.swift in Sources */,
			);
			runOnlyForDeploymentPostprocessing = 0;
		};
		50EA6D652BAC9D4D00BFD5CF /* Sources */ = {
			isa = PBXSourcesBuildPhase;
			buildActionMask = 2147483647;
			files = (
				50EA6D702BAC9D4D00BFD5CF /* PleaseDoUITestsLaunchTests.swift in Sources */,
				50EA6D6E2BAC9D4D00BFD5CF /* PleaseDoUITests.swift in Sources */,
			);
			runOnlyForDeploymentPostprocessing = 0;
		};
/* End PBXSourcesBuildPhase section */

/* Begin PBXTargetDependency section */
		50EA6D612BAC9D4D00BFD5CF /* PBXTargetDependency */ = {
			isa = PBXTargetDependency;
			target = 50EA6D4E2BAC9D4A00BFD5CF /* PleaseDo */;
			targetProxy = 50EA6D602BAC9D4D00BFD5CF /* PBXContainerItemProxy */;
		};
		50EA6D6B2BAC9D4D00BFD5CF /* PBXTargetDependency */ = {
			isa = PBXTargetDependency;
			target = 50EA6D4E2BAC9D4A00BFD5CF /* PleaseDo */;
			targetProxy = 50EA6D6A2BAC9D4D00BFD5CF /* PBXContainerItemProxy */;
		};
/* End PBXTargetDependency section */

/* Begin XCBuildConfiguration section */
		50EA6D712BAC9D4D00BFD5CF /* Debug */ = {
			isa = XCBuildConfiguration;
			buildSettings = {
				ALWAYS_SEARCH_USER_PATHS = NO;
				ASSETCATALOG_COMPILER_GENERATE_SWIFT_ASSET_SYMBOL_EXTENSIONS = YES;
				CLANG_ANALYZER_NONNULL = YES;
				CLANG_ANALYZER_NUMBER_OBJECT_CONVERSION = YES_AGGRESSIVE;
				CLANG_CXX_LANGUAGE_STANDARD = "gnu++20";
				CLANG_ENABLE_MODULES = YES;
				CLANG_ENABLE_OBJC_ARC = YES;
				CLANG_ENABLE_OBJC_WEAK = YES;
				CLANG_WARN_BLOCK_CAPTURE_AUTORELEASING = YES;
				CLANG_WARN_BOOL_CONVERSION = YES;
				CLANG_WARN_COMMA = YES;
				CLANG_WARN_CONSTANT_CONVERSION = YES;
				CLANG_WARN_DEPRECATED_OBJC_IMPLEMENTATIONS = YES;
				CLANG_WARN_DIRECT_OBJC_ISA_USAGE = YES_ERROR;
				CLANG_WARN_DOCUMENTATION_COMMENTS = YES;
				CLANG_WARN_EMPTY_BODY = YES;
				CLANG_WARN_ENUM_CONVERSION = YES;
				CLANG_WARN_INFINITE_RECURSION = YES;
				CLANG_WARN_INT_CONVERSION = YES;
				CLANG_WARN_NON_LITERAL_NULL_CONVERSION = YES;
				CLANG_WARN_OBJC_IMPLICIT_RETAIN_SELF = YES;
				CLANG_WARN_OBJC_LITERAL_CONVERSION = YES;
				CLANG_WARN_OBJC_ROOT_CLASS = YES_ERROR;
				CLANG_WARN_QUOTED_INCLUDE_IN_FRAMEWORK_HEADER = YES;
				CLANG_WARN_RANGE_LOOP_ANALYSIS = YES;
				CLANG_WARN_STRICT_PROTOTYPES = YES;
				CLANG_WARN_SUSPICIOUS_MOVE = YES;
				CLANG_WARN_UNGUARDED_AVAILABILITY = YES_AGGRESSIVE;
				CLANG_WARN_UNREACHABLE_CODE = YES;
				CLANG_WARN__DUPLICATE_METHOD_MATCH = YES;
				COPY_PHASE_STRIP = NO;
				DEBUG_INFORMATION_FORMAT = dwarf;
				ENABLE_STRICT_OBJC_MSGSEND = YES;
				ENABLE_TESTABILITY = YES;
				ENABLE_USER_SCRIPT_SANDBOXING = YES;
				GCC_C_LANGUAGE_STANDARD = gnu17;
				GCC_DYNAMIC_NO_PIC = NO;
				GCC_NO_COMMON_BLOCKS = YES;
				GCC_OPTIMIZATION_LEVEL = 0;
				GCC_PREPROCESSOR_DEFINITIONS = (
					"DEBUG=1",
					"$(inherited)",
				);
				GCC_WARN_64_TO_32_BIT_CONVERSION = YES;
				GCC_WARN_ABOUT_RETURN_TYPE = YES_ERROR;
				GCC_WARN_UNDECLARED_SELECTOR = YES;
				GCC_WARN_UNINITIALIZED_AUTOS = YES_AGGRESSIVE;
				GCC_WARN_UNUSED_FUNCTION = YES;
				GCC_WARN_UNUSED_VARIABLE = YES;
				IPHONEOS_DEPLOYMENT_TARGET = 17.0;
				LOCALIZATION_PREFERS_STRING_CATALOGS = YES;
				MTL_ENABLE_DEBUG_INFO = INCLUDE_SOURCE;
				MTL_FAST_MATH = YES;
				ONLY_ACTIVE_ARCH = YES;
				SDKROOT = iphoneos;
				SWIFT_ACTIVE_COMPILATION_CONDITIONS = "DEBUG $(inherited)";
				SWIFT_OPTIMIZATION_LEVEL = "-Onone";
			};
			name = Debug;
		};
		50EA6D722BAC9D4D00BFD5CF /* Release */ = {
			isa = XCBuildConfiguration;
			buildSettings = {
				ALWAYS_SEARCH_USER_PATHS = NO;
				ASSETCATALOG_COMPILER_GENERATE_SWIFT_ASSET_SYMBOL_EXTENSIONS = YES;
				CLANG_ANALYZER_NONNULL = YES;
				CLANG_ANALYZER_NUMBER_OBJECT_CONVERSION = YES_AGGRESSIVE;
				CLANG_CXX_LANGUAGE_STANDARD = "gnu++20";
				CLANG_ENABLE_MODULES = YES;
				CLANG_ENABLE_OBJC_ARC = YES;
				CLANG_ENABLE_OBJC_WEAK = YES;
				CLANG_WARN_BLOCK_CAPTURE_AUTORELEASING = YES;
				CLANG_WARN_BOOL_CONVERSION = YES;
				CLANG_WARN_COMMA = YES;
				CLANG_WARN_CONSTANT_CONVERSION = YES;
				CLANG_WARN_DEPRECATED_OBJC_IMPLEMENTATIONS = YES;
				CLANG_WARN_DIRECT_OBJC_ISA_USAGE = YES_ERROR;
				CLANG_WARN_DOCUMENTATION_COMMENTS = YES;
				CLANG_WARN_EMPTY_BODY = YES;
				CLANG_WARN_ENUM_CONVERSION = YES;
				CLANG_WARN_INFINITE_RECURSION = YES;
				CLANG_WARN_INT_CONVERSION = YES;
				CLANG_WARN_NON_LITERAL_NULL_CONVERSION = YES;
				CLANG_WARN_OBJC_IMPLICIT_RETAIN_SELF = YES;
				CLANG_WARN_OBJC_LITERAL_CONVERSION = YES;
				CLANG_WARN_OBJC_ROOT_CLASS = YES_ERROR;
				CLANG_WARN_QUOTED_INCLUDE_IN_FRAMEWORK_HEADER = YES;
				CLANG_WARN_RANGE_LOOP_ANALYSIS = YES;
				CLANG_WARN_STRICT_PROTOTYPES = YES;
				CLANG_WARN_SUSPICIOUS_MOVE = YES;
				CLANG_WARN_UNGUARDED_AVAILABILITY = YES_AGGRESSIVE;
				CLANG_WARN_UNREACHABLE_CODE = YES;
				CLANG_WARN__DUPLICATE_METHOD_MATCH = YES;
				COPY_PHASE_STRIP = NO;
				DEBUG_INFORMATION_FORMAT = "dwarf-with-dsym";
				ENABLE_NS_ASSERTIONS = NO;
				ENABLE_STRICT_OBJC_MSGSEND = YES;
				ENABLE_USER_SCRIPT_SANDBOXING = YES;
				GCC_C_LANGUAGE_STANDARD = gnu17;
				GCC_NO_COMMON_BLOCKS = YES;
				GCC_WARN_64_TO_32_BIT_CONVERSION = YES;
				GCC_WARN_ABOUT_RETURN_TYPE = YES_ERROR;
				GCC_WARN_UNDECLARED_SELECTOR = YES;
				GCC_WARN_UNINITIALIZED_AUTOS = YES_AGGRESSIVE;
				GCC_WARN_UNUSED_FUNCTION = YES;
				GCC_WARN_UNUSED_VARIABLE = YES;
				IPHONEOS_DEPLOYMENT_TARGET = 17.0;
				LOCALIZATION_PREFERS_STRING_CATALOGS = YES;
				MTL_ENABLE_DEBUG_INFO = NO;
				MTL_FAST_MATH = YES;
				SDKROOT = iphoneos;
				SWIFT_COMPILATION_MODE = wholemodule;
				VALIDATE_PRODUCT = YES;
			};
			name = Release;
		};
		50EA6D742BAC9D4D00BFD5CF /* Debug */ = {
			isa = XCBuildConfiguration;
			buildSettings = {
				ASSETCATALOG_COMPILER_APPICON_NAME = AppIcon;
				ASSETCATALOG_COMPILER_GLOBAL_ACCENT_COLOR_NAME = AccentColor;
				CODE_SIGN_STYLE = Automatic;
				CURRENT_PROJECT_VERSION = 1;
				DEVELOPMENT_ASSET_PATHS = "\"PleaseDo/PreviewContent\"";
				DEVELOPMENT_TEAM = 676A84J3QT;
				ENABLE_PREVIEWS = YES;
				GENERATE_INFOPLIST_FILE = YES;
				INFOPLIST_KEY_UIApplicationSceneManifest_Generation = YES;
				INFOPLIST_KEY_UIApplicationSupportsIndirectInputEvents = YES;
				INFOPLIST_KEY_UILaunchScreen_Generation = YES;
				INFOPLIST_KEY_UISupportedInterfaceOrientations_iPad = "UIInterfaceOrientationPortrait UIInterfaceOrientationPortraitUpsideDown UIInterfaceOrientationLandscapeLeft UIInterfaceOrientationLandscapeRight";
				INFOPLIST_KEY_UISupportedInterfaceOrientations_iPhone = "UIInterfaceOrientationPortrait UIInterfaceOrientationLandscapeLeft UIInterfaceOrientationLandscapeRight";
				LD_RUNPATH_SEARCH_PATHS = (
					"$(inherited)",
					"@executable_path/Frameworks",
				);
				MARKETING_VERSION = 1.0;
				PRODUCT_BUNDLE_IDENTIFIER = com.ryankanno.PleaseDo;
				PRODUCT_NAME = "$(TARGET_NAME)";
				SWIFT_EMIT_LOC_STRINGS = YES;
				SWIFT_VERSION = 5.0;
				TARGETED_DEVICE_FAMILY = "1,2";
			};
			name = Debug;
		};
		50EA6D752BAC9D4D00BFD5CF /* Release */ = {
			isa = XCBuildConfiguration;
			buildSettings = {
				ASSETCATALOG_COMPILER_APPICON_NAME = AppIcon;
				ASSETCATALOG_COMPILER_GLOBAL_ACCENT_COLOR_NAME = AccentColor;
				CODE_SIGN_STYLE = Automatic;
				CURRENT_PROJECT_VERSION = 1;
				DEVELOPMENT_ASSET_PATHS = "\"PleaseDo/PreviewContent\"";
				DEVELOPMENT_TEAM = 676A84J3QT;
				ENABLE_PREVIEWS = YES;
				GENERATE_INFOPLIST_FILE = YES;
				INFOPLIST_KEY_UIApplicationSceneManifest_Generation = YES;
				INFOPLIST_KEY_UIApplicationSupportsIndirectInputEvents = YES;
				INFOPLIST_KEY_UILaunchScreen_Generation = YES;
				INFOPLIST_KEY_UISupportedInterfaceOrientations_iPad = "UIInterfaceOrientationPortrait UIInterfaceOrientationPortraitUpsideDown UIInterfaceOrientationLandscapeLeft UIInterfaceOrientationLandscapeRight";
				INFOPLIST_KEY_UISupportedInterfaceOrientations_iPhone = "UIInterfaceOrientationPortrait UIInterfaceOrientationLandscapeLeft UIInterfaceOrientationLandscapeRight";
				LD_RUNPATH_SEARCH_PATHS = (
					"$(inherited)",
					"@executable_path/Frameworks",
				);
				MARKETING_VERSION = 1.0;
				PRODUCT_BUNDLE_IDENTIFIER = com.ryankanno.PleaseDo;
				PRODUCT_NAME = "$(TARGET_NAME)";
				SWIFT_EMIT_LOC_STRINGS = YES;
				SWIFT_VERSION = 5.0;
				TARGETED_DEVICE_FAMILY = "1,2";
			};
			name = Release;
		};
		50EA6D772BAC9D4D00BFD5CF /* Debug */ = {
			isa = XCBuildConfiguration;
			buildSettings = {
				ALWAYS_EMBED_SWIFT_STANDARD_LIBRARIES = YES;
				BUNDLE_LOADER = "$(TEST_HOST)";
				CODE_SIGN_STYLE = Automatic;
				CURRENT_PROJECT_VERSION = 1;
				DEVELOPMENT_TEAM = 676A84J3QT;
				GENERATE_INFOPLIST_FILE = YES;
				IPHONEOS_DEPLOYMENT_TARGET = 17.4;
				MARKETING_VERSION = 1.0;
				PRODUCT_BUNDLE_IDENTIFIER = com.ryankanno.PleaseDoTests;
				PRODUCT_NAME = "$(TARGET_NAME)";
				SWIFT_EMIT_LOC_STRINGS = NO;
				SWIFT_VERSION = 5.0;
				TARGETED_DEVICE_FAMILY = "1,2";
				TEST_HOST = "$(BUILT_PRODUCTS_DIR)/PleaseDo.app/$(BUNDLE_EXECUTABLE_FOLDER_PATH)/PleaseDo";
			};
			name = Debug;
		};
		50EA6D782BAC9D4D00BFD5CF /* Release */ = {
			isa = XCBuildConfiguration;
			buildSettings = {
				ALWAYS_EMBED_SWIFT_STANDARD_LIBRARIES = YES;
				BUNDLE_LOADER = "$(TEST_HOST)";
				CODE_SIGN_STYLE = Automatic;
				CURRENT_PROJECT_VERSION = 1;
				DEVELOPMENT_TEAM = 676A84J3QT;
				GENERATE_INFOPLIST_FILE = YES;
				IPHONEOS_DEPLOYMENT_TARGET = 17.4;
				MARKETING_VERSION = 1.0;
				PRODUCT_BUNDLE_IDENTIFIER = com.ryankanno.PleaseDoTests;
				PRODUCT_NAME = "$(TARGET_NAME)";
				SWIFT_EMIT_LOC_STRINGS = NO;
				SWIFT_VERSION = 5.0;
				TARGETED_DEVICE_FAMILY = "1,2";
				TEST_HOST = "$(BUILT_PRODUCTS_DIR)/PleaseDo.app/$(BUNDLE_EXECUTABLE_FOLDER_PATH)/PleaseDo";
			};
			name = Release;
		};
		50EA6D7A2BAC9D4D00BFD5CF /* Debug */ = {
			isa = XCBuildConfiguration;
			buildSettings = {
				ALWAYS_EMBED_SWIFT_STANDARD_LIBRARIES = YES;
				CODE_SIGN_STYLE = Automatic;
				CURRENT_PROJECT_VERSION = 1;
				DEVELOPMENT_TEAM = 676A84J3QT;
				GENERATE_INFOPLIST_FILE = YES;
				MARKETING_VERSION = 1.0;
				PRODUCT_BUNDLE_IDENTIFIER = com.ryankanno.PleaseDoUITests;
				PRODUCT_NAME = "$(TARGET_NAME)";
				SWIFT_EMIT_LOC_STRINGS = NO;
				SWIFT_VERSION = 5.0;
				TARGETED_DEVICE_FAMILY = "1,2";
				TEST_TARGET_NAME = PleaseDo;
			};
			name = Debug;
		};
		50EA6D7B2BAC9D4D00BFD5CF /* Release */ = {
			isa = XCBuildConfiguration;
			buildSettings = {
				ALWAYS_EMBED_SWIFT_STANDARD_LIBRARIES = YES;
				CODE_SIGN_STYLE = Automatic;
				CURRENT_PROJECT_VERSION = 1;
				DEVELOPMENT_TEAM = 676A84J3QT;
				GENERATE_INFOPLIST_FILE = YES;
				MARKETING_VERSION = 1.0;
				PRODUCT_BUNDLE_IDENTIFIER = com.ryankanno.PleaseDoUITests;
				PRODUCT_NAME = "$(TARGET_NAME)";
				SWIFT_EMIT_LOC_STRINGS = NO;
				SWIFT_VERSION = 5.0;
				TARGETED_DEVICE_FAMILY = "1,2";
				TEST_TARGET_NAME = PleaseDo;
			};
			name = Release;
		};
/* End XCBuildConfiguration section */

/* Begin XCConfigurationList section */
		50EA6D4A2BAC9D4A00BFD5CF /* Build configuration list for PBXProject "PleaseDo" */ = {
			isa = XCConfigurationList;
			buildConfigurations = (
				50EA6D712BAC9D4D00BFD5CF /* Debug */,
				50EA6D722BAC9D4D00BFD5CF /* Release */,
			);
			defaultConfigurationIsVisible = 0;
			defaultConfigurationName = Release;
		};
		50EA6D732BAC9D4D00BFD5CF /* Build configuration list for PBXNativeTarget "PleaseDo" */ = {
			isa = XCConfigurationList;
			buildConfigurations = (
				50EA6D742BAC9D4D00BFD5CF /* Debug */,
				50EA6D752BAC9D4D00BFD5CF /* Release */,
			);
			defaultConfigurationIsVisible = 0;
			defaultConfigurationName = Release;
		};
		50EA6D762BAC9D4D00BFD5CF /* Build configuration list for PBXNativeTarget "PleaseDoTests" */ = {
			isa = XCConfigurationList;
			buildConfigurations = (
				50EA6D772BAC9D4D00BFD5CF /* Debug */,
				50EA6D782BAC9D4D00BFD5CF /* Release */,
			);
			defaultConfigurationIsVisible = 0;
			defaultConfigurationName = Release;
		};
		50EA6D792BAC9D4D00BFD5CF /* Build configuration list for PBXNativeTarget "PleaseDoUITests" */ = {
			isa = XCConfigurationList;
			buildConfigurations = (
				50EA6D7A2BAC9D4D00BFD5CF /* Debug */,
				50EA6D7B2BAC9D4D00BFD5CF /* Release */,
			);
			defaultConfigurationIsVisible = 0;
			defaultConfigurationName = Release;
		};
/* End XCConfigurationList section */

/* Begin XCRemoteSwiftPackageReference section */
		50DE99152BAF7D19006A091D /* XCRemoteSwiftPackageReference "firebase-ios-sdk" */ = {
			isa = XCRemoteSwiftPackageReference;
			repositoryURL = "https://github.com/firebase/firebase-ios-sdk";
			requirement = {
				kind = upToNextMajorVersion;
				minimumVersion = 10.23.0;
			};
		};
/* End XCRemoteSwiftPackageReference section */

/* Begin XCSwiftPackageProductDependency section */
		50DE99162BAF7D19006A091D /* FirebaseAnalytics */ = {
			isa = XCSwiftPackageProductDependency;
			package = 50DE99152BAF7D19006A091D /* XCRemoteSwiftPackageReference "firebase-ios-sdk" */;
			productName = FirebaseAnalytics;
		};
		50DE99182BAF7D19006A091D /* FirebaseAuth */ = {
			isa = XCSwiftPackageProductDependency;
			package = 50DE99152BAF7D19006A091D /* XCRemoteSwiftPackageReference "firebase-ios-sdk" */;
			productName = FirebaseAuth;
		};
		50DE991A2BAF7D19006A091D /* FirebaseFirestore */ = {
			isa = XCSwiftPackageProductDependency;
			package = 50DE99152BAF7D19006A091D /* XCRemoteSwiftPackageReference "firebase-ios-sdk" */;
			productName = FirebaseFirestore;
		};
/* End XCSwiftPackageProductDependency section */
	};
	rootObject = 50EA6D472BAC9D4A00BFD5CF /* Project object */;
}
